
Microsoft Visual Studio Solution File, Format Version 12.00
# Visual Studio Version 17
VisualStudioVersion = 17.1.32421.90
MinimumVisualStudioVersion = 10.0.40219.1
Project("{FAE04EC0-301F-11D3-BF4B-00C04F79EFBC}") = "casino", "casino\casino.csproj", "{C9356620-44B0-4875-9921-6C831588BBE2}"
EndProject
Global
	GlobalSection(SolutionConfigurationPlatforms) = preSolution
		Debug|Any CPU = Debug|Any CPU
		Release|Any CPU = Release|Any CPU
	EndGlobalSection
	GlobalSection(ProjectConfigurationPlatforms) = postSolution
		{C9356620-44B0-4875-9921-6C831588BBE2}.Debug|Any CPU.ActiveCfg = Debug|Any CPU
		{C9356620-44B0-4875-9921-6C831588BBE2}.Debug|Any CPU.Build.0 = Debug|Any CPU
		{C9356620-44B0-4875-9921-6C831588BBE2}.Release|Any CPU.ActiveCfg = Release|Any CPU
		{C9356620-44B0-4875-9921-6C831588BBE2}.Release|Any CPU.Build.0 = Release|Any CPU
	EndGlobalSection
	GlobalSection(SolutionProperties) = preSolution
		HideSolutionNode = FALSE
	EndGlobalSection
	GlobalSection(ExtensibilityGlobals) = postSolution
		SolutionGuid = {8EA02505-7994-4D92-9F0F-4F0C3F1E26EE}
	EndGlobalSection
EndGlobal
